
Microsoft Visual Studio Solution File, Format Version 12.00
# Visual Studio Version 17
VisualStudioVersion = 17.3.32901.215
MinimumVisualStudioVersion = 10.0.40219.1
Project("{FAE04EC0-301F-11D3-BF4B-00C04F79EFBC}") = "Transport-App", "Transport-App.csproj", "{A0CA8899-8D93-4534-B1DE-F205AE9A9CFE}"
EndProject
Global
	GlobalSection(SolutionConfigurationPlatforms) = preSolution
		Debug|Any CPU = Debug|Any CPU
		Release|Any CPU = Release|Any CPU
	EndGlobalSection
	GlobalSection(ProjectConfigurationPlatforms) = postSolution
		{A0CA8899-8D93-4534-B1DE-F205AE9A9CFE}.Debug|Any CPU.ActiveCfg = Debug|Any CPU
		{A0CA8899-8D93-4534-B1DE-F205AE9A9CFE}.Debug|Any CPU.Build.0 = Debug|Any CPU
		{A0CA8899-8D93-4534-B1DE-F205AE9A9CFE}.Release|Any CPU.ActiveCfg = Release|Any CPU
		{A0CA8899-8D93-4534-B1DE-F205AE9A9CFE}.Release|Any CPU.Build.0 = Release|Any CPU
	EndGlobalSection
	GlobalSection(SolutionProperties) = preSolution
		HideSolutionNode = FALSE
	EndGlobalSection
	GlobalSection(ExtensibilityGlobals) = postSolution
		SolutionGuid = {C3FF3722-F3A9-4160-A30F-67850E867D13}
	EndGlobalSection
EndGlobal
