
Microsoft Visual Studio Solution File, Format Version 12.00
# Visual Studio Version 17
VisualStudioVersion = 17.2.32630.192
MinimumVisualStudioVersion = 10.0.40219.1
Project("{FAE04EC0-301F-11D3-BF4B-00C04F79EFBC}") = "HelloWorld", "HelloWorld.csproj", "{84A68AE4-6D05-401F-BB26-CA0941D0614E}"
EndProject
Global
	GlobalSection(SolutionConfigurationPlatforms) = preSolution
		Debug|Any CPU = Debug|Any CPU
		Release|Any CPU = Release|Any CPU
	EndGlobalSection
	GlobalSection(ProjectConfigurationPlatforms) = postSolution
		{84A68AE4-6D05-401F-BB26-CA0941D0614E}.Debug|Any CPU.ActiveCfg = Debug|Any CPU
		{84A68AE4-6D05-401F-BB26-CA0941D0614E}.Debug|Any CPU.Build.0 = Debug|Any CPU
		{84A68AE4-6D05-401F-BB26-CA0941D0614E}.Release|Any CPU.ActiveCfg = Release|Any CPU
		{84A68AE4-6D05-401F-BB26-CA0941D0614E}.Release|Any CPU.Build.0 = Release|Any CPU
	EndGlobalSection
	GlobalSection(SolutionProperties) = preSolution
		HideSolutionNode = FALSE
	EndGlobalSection
	GlobalSection(ExtensibilityGlobals) = postSolution
		SolutionGuid = {25366940-5162-4C88-93EF-7A4259C7AC76}
	EndGlobalSection
EndGlobal
