
Microsoft Visual Studio Solution File, Format Version 12.00
# Visual Studio Version 17
VisualStudioVersion = 17.3.32901.215
MinimumVisualStudioVersion = 10.0.40219.1
Project("{FAE04EC0-301F-11D3-BF4B-00C04F79EFBC}") = "LinQ.Lab.UI", "LinQ.Lab.UI\LinQ.Lab.UI.csproj", "{1B2CED4C-928E-472B-BB26-C3A1E1B04F61}"
EndProject
Project("{FAE04EC0-301F-11D3-BF4B-00C04F79EFBC}") = "LinQ.Lab.Logic", "LinQ.Lab.Logic\LinQ.Lab.Logic.csproj", "{0309252B-E7F2-4FBA-AE78-DB7C2E808CE6}"
EndProject
Project("{FAE04EC0-301F-11D3-BF4B-00C04F79EFBC}") = "LinQ.Lab.Data", "LinQ.Lab.Data\LinQ.Lab.Data.csproj", "{5198C971-F4B5-42A6-B61A-2DA3DF1E8FF3}"
EndProject
Project("{FAE04EC0-301F-11D3-BF4B-00C04F79EFBC}") = "LinQ.Lab.Entities", "LinQ.Lab.Entities\LinQ.Lab.Entities.csproj", "{57D847FC-DE9B-4655-91D8-DE7050A3E2D3}"
EndProject
Global
	GlobalSection(SolutionConfigurationPlatforms) = preSolution
		Debug|Any CPU = Debug|Any CPU
		Release|Any CPU = Release|Any CPU
	EndGlobalSection
	GlobalSection(ProjectConfigurationPlatforms) = postSolution
		{1B2CED4C-928E-472B-BB26-C3A1E1B04F61}.Debug|Any CPU.ActiveCfg = Debug|Any CPU
		{1B2CED4C-928E-472B-BB26-C3A1E1B04F61}.Debug|Any CPU.Build.0 = Debug|Any CPU
		{1B2CED4C-928E-472B-BB26-C3A1E1B04F61}.Release|Any CPU.ActiveCfg = Release|Any CPU
		{1B2CED4C-928E-472B-BB26-C3A1E1B04F61}.Release|Any CPU.Build.0 = Release|Any CPU
		{0309252B-E7F2-4FBA-AE78-DB7C2E808CE6}.Debug|Any CPU.ActiveCfg = Debug|Any CPU
		{0309252B-E7F2-4FBA-AE78-DB7C2E808CE6}.Debug|Any CPU.Build.0 = Debug|Any CPU
		{0309252B-E7F2-4FBA-AE78-DB7C2E808CE6}.Release|Any CPU.ActiveCfg = Release|Any CPU
		{0309252B-E7F2-4FBA-AE78-DB7C2E808CE6}.Release|Any CPU.Build.0 = Release|Any CPU
		{5198C971-F4B5-42A6-B61A-2DA3DF1E8FF3}.Debug|Any CPU.ActiveCfg = Debug|Any CPU
		{5198C971-F4B5-42A6-B61A-2DA3DF1E8FF3}.Debug|Any CPU.Build.0 = Debug|Any CPU
		{5198C971-F4B5-42A6-B61A-2DA3DF1E8FF3}.Release|Any CPU.ActiveCfg = Release|Any CPU
		{5198C971-F4B5-42A6-B61A-2DA3DF1E8FF3}.Release|Any CPU.Build.0 = Release|Any CPU
		{57D847FC-DE9B-4655-91D8-DE7050A3E2D3}.Debug|Any CPU.ActiveCfg = Debug|Any CPU
		{57D847FC-DE9B-4655-91D8-DE7050A3E2D3}.Debug|Any CPU.Build.0 = Debug|Any CPU
		{57D847FC-DE9B-4655-91D8-DE7050A3E2D3}.Release|Any CPU.ActiveCfg = Release|Any CPU
		{57D847FC-DE9B-4655-91D8-DE7050A3E2D3}.Release|Any CPU.Build.0 = Release|Any CPU
	EndGlobalSection
	GlobalSection(SolutionProperties) = preSolution
		HideSolutionNode = FALSE
	EndGlobalSection
	GlobalSection(ExtensibilityGlobals) = postSolution
		SolutionGuid = {0E4CF41C-773E-445E-B0CE-A40329298CA7}
	EndGlobalSection
EndGlobal
